
Microsoft Visual Studio Solution File, Format Version 12.00
# Visual Studio Version 16
VisualStudioVersion = 16.0.30907.101
MinimumVisualStudioVersion = 10.0.40219.1
Project("{FAE04EC0-301F-11D3-BF4B-00C04F79EFBC}") = "AA_PortSerie", "Electronique_AyoubAllachi\AA_PortSerie.csproj", "{48E7AE23-1C6E-42B9-A415-DCA8CB3229B0}"
EndProject
Global
	GlobalSection(SolutionConfigurationPlatforms) = preSolution
		Debug|Any CPU = Debug|Any CPU
		Release|Any CPU = Release|Any CPU
	EndGlobalSection
	GlobalSection(ProjectConfigurationPlatforms) = postSolution
		{48E7AE23-1C6E-42B9-A415-DCA8CB3229B0}.Debug|Any CPU.ActiveCfg = Debug|Any CPU
		{48E7AE23-1C6E-42B9-A415-DCA8CB3229B0}.Debug|Any CPU.Build.0 = Debug|Any CPU
		{48E7AE23-1C6E-42B9-A415-DCA8CB3229B0}.Release|Any CPU.ActiveCfg = Release|Any CPU
		{48E7AE23-1C6E-42B9-A415-DCA8CB3229B0}.Release|Any CPU.Build.0 = Release|Any CPU
	EndGlobalSection
	GlobalSection(SolutionProperties) = preSolution
		HideSolutionNode = FALSE
	EndGlobalSection
	GlobalSection(ExtensibilityGlobals) = postSolution
		SolutionGuid = {F7C39990-A207-4A53-A14F-BC293F6AB759}
	EndGlobalSection
EndGlobal
